
Microsoft Visual Studio Solution File, Format Version 12.00
# Visual Studio Version 17
VisualStudioVersion = 17.6.33815.320
MinimumVisualStudioVersion = 10.0.40219.1
Project("{9A19103F-16F7-4668-BE54-9A1E7A4F7556}") = "Authr.Web", "Authr.Web\Authr.Web.csproj", "{C2E1A4BF-04B3-4049-B4C3-9F78FC4D3C59}"
EndProject
Project("{9A19103F-16F7-4668-BE54-9A1E7A4F7556}") = "Authr.WebApi", "Authr.WebApi\Authr.WebApi.csproj", "{4BD25651-7DB8-4B7F-AD78-210132CF38D3}"
EndProject
Project("{9A19103F-16F7-4668-BE54-9A1E7A4F7556}") = "Authr.Roles.WebApi", "Authr.Roles.WebApi\Authr.Roles.WebApi.csproj", "{9215D224-1ED8-4391-8B93-5A05994BA61E}"
EndProject
Project("{9A19103F-16F7-4668-BE54-9A1E7A4F7556}") = "Authr.IdentityFramework.WebApi", "Authr.IdentityFramework.WebApi\Authr.IdentityFramework.WebApi.csproj", "{B790CA6B-7F57-4F33-A179-4D8970895F54}"
EndProject
Project("{9A19103F-16F7-4668-BE54-9A1E7A4F7556}") = "Authr.AuthSchemas.WebApi", "Authr.AuthSchemas.WebApi\Authr.AuthSchemas.WebApi.csproj", "{55106B35-6621-4C23-9D8C-7565CCD382C2}"
EndProject
Project("{9A19103F-16F7-4668-BE54-9A1E7A4F7556}") = "Authr.IdentityMgmt.WebApi", "Authr.IdentityMgmt.WebApi\Authr.IdentityMgmt.WebApi.csproj", "{B7D39E3E-3924-43F0-81E9-FF7969E2BBA3}"
EndProject
Project("{9A19103F-16F7-4668-BE54-9A1E7A4F7556}") = "Authr.Google.OAuth", "Authr.Google.OAuth\Authr.Google.OAuth.csproj", "{8DE81698-9B4C-43E2-B673-A85269156B6A}"
EndProject
Project("{9A19103F-16F7-4668-BE54-9A1E7A4F7556}") = "Authr.Core", "Auth.Core\Authr.Core.csproj", "{098429C6-DD70-4050-85FC-7EDD0EAD5E31}"
EndProject
Project("{2150E333-8FDC-42A3-9474-1A3956D46DE8}") = "Solution Items", "Solution Items", "{3F5E8A13-017F-4EAF-81A1-C60BFCF139B9}"
	ProjectSection(SolutionItems) = preProject
		.editorconfig = .editorconfig
		Directory.Build.props = Directory.Build.props
	EndProjectSection
EndProject
Global
	GlobalSection(SolutionConfigurationPlatforms) = preSolution
		Debug|Any CPU = Debug|Any CPU
		Release|Any CPU = Release|Any CPU
	EndGlobalSection
	GlobalSection(ProjectConfigurationPlatforms) = postSolution
		{C2E1A4BF-04B3-4049-B4C3-9F78FC4D3C59}.Debug|Any CPU.ActiveCfg = Debug|Any CPU
		{C2E1A4BF-04B3-4049-B4C3-9F78FC4D3C59}.Debug|Any CPU.Build.0 = Debug|Any CPU
		{C2E1A4BF-04B3-4049-B4C3-9F78FC4D3C59}.Release|Any CPU.ActiveCfg = Release|Any CPU
		{C2E1A4BF-04B3-4049-B4C3-9F78FC4D3C59}.Release|Any CPU.Build.0 = Release|Any CPU
		{4BD25651-7DB8-4B7F-AD78-210132CF38D3}.Debug|Any CPU.ActiveCfg = Debug|Any CPU
		{4BD25651-7DB8-4B7F-AD78-210132CF38D3}.Debug|Any CPU.Build.0 = Debug|Any CPU
		{4BD25651-7DB8-4B7F-AD78-210132CF38D3}.Release|Any CPU.ActiveCfg = Release|Any CPU
		{4BD25651-7DB8-4B7F-AD78-210132CF38D3}.Release|Any CPU.Build.0 = Release|Any CPU
		{9215D224-1ED8-4391-8B93-5A05994BA61E}.Debug|Any CPU.ActiveCfg = Debug|Any CPU
		{9215D224-1ED8-4391-8B93-5A05994BA61E}.Debug|Any CPU.Build.0 = Debug|Any CPU
		{9215D224-1ED8-4391-8B93-5A05994BA61E}.Release|Any CPU.ActiveCfg = Release|Any CPU
		{9215D224-1ED8-4391-8B93-5A05994BA61E}.Release|Any CPU.Build.0 = Release|Any CPU
		{B790CA6B-7F57-4F33-A179-4D8970895F54}.Debug|Any CPU.ActiveCfg = Debug|Any CPU
		{B790CA6B-7F57-4F33-A179-4D8970895F54}.Debug|Any CPU.Build.0 = Debug|Any CPU
		{B790CA6B-7F57-4F33-A179-4D8970895F54}.Release|Any CPU.ActiveCfg = Release|Any CPU
		{B790CA6B-7F57-4F33-A179-4D8970895F54}.Release|Any CPU.Build.0 = Release|Any CPU
		{55106B35-6621-4C23-9D8C-7565CCD382C2}.Debug|Any CPU.ActiveCfg = Debug|Any CPU
		{55106B35-6621-4C23-9D8C-7565CCD382C2}.Debug|Any CPU.Build.0 = Debug|Any CPU
		{55106B35-6621-4C23-9D8C-7565CCD382C2}.Release|Any CPU.ActiveCfg = Release|Any CPU
		{55106B35-6621-4C23-9D8C-7565CCD382C2}.Release|Any CPU.Build.0 = Release|Any CPU
		{B7D39E3E-3924-43F0-81E9-FF7969E2BBA3}.Debug|Any CPU.ActiveCfg = Debug|Any CPU
		{B7D39E3E-3924-43F0-81E9-FF7969E2BBA3}.Debug|Any CPU.Build.0 = Debug|Any CPU
		{B7D39E3E-3924-43F0-81E9-FF7969E2BBA3}.Release|Any CPU.ActiveCfg = Release|Any CPU
		{B7D39E3E-3924-43F0-81E9-FF7969E2BBA3}.Release|Any CPU.Build.0 = Release|Any CPU
		{8DE81698-9B4C-43E2-B673-A85269156B6A}.Debug|Any CPU.ActiveCfg = Debug|Any CPU
		{8DE81698-9B4C-43E2-B673-A85269156B6A}.Debug|Any CPU.Build.0 = Debug|Any CPU
		{8DE81698-9B4C-43E2-B673-A85269156B6A}.Release|Any CPU.ActiveCfg = Release|Any CPU
		{8DE81698-9B4C-43E2-B673-A85269156B6A}.Release|Any CPU.Build.0 = Release|Any CPU
		{098429C6-DD70-4050-85FC-7EDD0EAD5E31}.Debug|Any CPU.ActiveCfg = Debug|Any CPU
		{098429C6-DD70-4050-85FC-7EDD0EAD5E31}.Debug|Any CPU.Build.0 = Debug|Any CPU
		{098429C6-DD70-4050-85FC-7EDD0EAD5E31}.Release|Any CPU.ActiveCfg = Release|Any CPU
		{098429C6-DD70-4050-85FC-7EDD0EAD5E31}.Release|Any CPU.Build.0 = Release|Any CPU
	EndGlobalSection
	GlobalSection(SolutionProperties) = preSolution
		HideSolutionNode = FALSE
	EndGlobalSection
	GlobalSection(ExtensibilityGlobals) = postSolution
		SolutionGuid = {6B5DF8E6-A153-4DAE-8BBC-834B58A76A37}
	EndGlobalSection
EndGlobal
