
Microsoft Visual Studio Solution File, Format Version 12.00
# Visual Studio Version 17
VisualStudioVersion = 17.6.33815.320
MinimumVisualStudioVersion = 10.0.40219.1
Project("{9A19103F-16F7-4668-BE54-9A1E7A4F7556}") = "Authr.WebApi", "Authr.WebApi\Authr.WebApi.csproj", "{4BD25651-7DB8-4B7F-AD78-210132CF38D3}"
EndProject
Project("{9A19103F-16F7-4668-BE54-9A1E7A4F7556}") = "Authr.Roles", "Authr.Roles\Authr.Roles.csproj", "{9215D224-1ED8-4391-8B93-5A05994BA61E}"
EndProject
Project("{9A19103F-16F7-4668-BE54-9A1E7A4F7556}") = "Authr.Roles.IF", "Authr.Roles.IF\Authr.Roles.IF.csproj", "{B790CA6B-7F57-4F33-A179-4D8970895F54}"
EndProject
Project("{9A19103F-16F7-4668-BE54-9A1E7A4F7556}") = "Authr.Cookie.Schemes", "Authr.Cookie.Schemes\Authr.Cookie.Schemes.csproj", "{55106B35-6621-4C23-9D8C-7565CCD382C2}"
EndProject
Project("{9A19103F-16F7-4668-BE54-9A1E7A4F7556}") = "Authr.IdentityMgmt.WebApi", "Authr.IdentityMgmt.WebApi\Authr.IdentityMgmt.WebApi.csproj", "{B7D39E3E-3924-43F0-81E9-FF7969E2BBA3}"
EndProject
Project("{9A19103F-16F7-4668-BE54-9A1E7A4F7556}") = "Authr.Core", "Authr.Core\Authr.Core.csproj", "{098429C6-DD70-4050-85FC-7EDD0EAD5E31}"
EndProject
Project("{2150E333-8FDC-42A3-9474-1A3956D46DE8}") = "Solution Items", "Solution Items", "{3F5E8A13-017F-4EAF-81A1-C60BFCF139B9}"
	ProjectSection(SolutionItems) = preProject
		.editorconfig = .editorconfig
		.gitattributes = .gitattributes
		.gitignore = .gitignore
		Caddyfile = Caddyfile
		Directory.Build.props = Directory.Build.props
		LICENSE.txt = LICENSE.txt
		README.md = README.md
	EndProjectSection
EndProject
Project("{2150E333-8FDC-42A3-9474-1A3956D46DE8}") = "Roles", "Roles", "{352A22FD-3A19-4990-A280-4F94A78B48F3}"
EndProject
Project("{9A19103F-16F7-4668-BE54-9A1E7A4F7556}") = "Authr.Cookie.Mvc", "Authr.Cookie.Mvc\Authr.Cookie.Mvc.csproj", "{9D0DD878-28E9-4A26-8CAF-D22E0FC006B7}"
EndProject
Project("{9A19103F-16F7-4668-BE54-9A1E7A4F7556}") = "Authr.Cookie.JavaScript", "Authr.Cookie.JavaScript\Authr.Cookie.JavaScript.csproj", "{C2FEAE92-8B47-4C66-9C78-FE0D7DEF1A6E}"
EndProject
Project("{9A19103F-16F7-4668-BE54-9A1E7A4F7556}") = "Authr.Cookie.Sso.Identity", "Authr.Cookie.Sso.Identity\Authr.Cookie.Sso.Identity.csproj", "{C841853D-9273-4415-81F3-FADC4F72110C}"
EndProject
Project("{2150E333-8FDC-42A3-9474-1A3956D46DE8}") = "Cookie", "Cookie", "{BE12EBB9-D10F-46A0-B5E5-8CFBDEDC6767}"
EndProject
Project("{2150E333-8FDC-42A3-9474-1A3956D46DE8}") = "Sso", "Sso", "{1C752F53-2FEE-41C8-BCE9-2A88C20F9F6F}"
EndProject
Project("{9A19103F-16F7-4668-BE54-9A1E7A4F7556}") = "Authr.Cookie.Sso.App", "Authr.Cookie.Sso.App\Authr.Cookie.Sso.App.csproj", "{46C33010-542A-4398-A719-CBAFACC15E43}"
EndProject
Project("{9A19103F-16F7-4668-BE54-9A1E7A4F7556}") = "Authr.Core.UnitTests", "Authr.Core.UnitTests\Authr.Core.UnitTests.csproj", "{B771BD59-FD1E-4D17-BD6B-47F09E6F86F4}"
EndProject
Project("{2150E333-8FDC-42A3-9474-1A3956D46DE8}") = "Tests", "Tests", "{F2A27BAD-DDF4-4C72-8996-6D32656D9DD7}"
EndProject
Global
	GlobalSection(SolutionConfigurationPlatforms) = preSolution
		Debug|Any CPU = Debug|Any CPU
		Release|Any CPU = Release|Any CPU
	EndGlobalSection
	GlobalSection(ProjectConfigurationPlatforms) = postSolution
		{4BD25651-7DB8-4B7F-AD78-210132CF38D3}.Debug|Any CPU.ActiveCfg = Debug|Any CPU
		{4BD25651-7DB8-4B7F-AD78-210132CF38D3}.Debug|Any CPU.Build.0 = Debug|Any CPU
		{4BD25651-7DB8-4B7F-AD78-210132CF38D3}.Release|Any CPU.ActiveCfg = Release|Any CPU
		{4BD25651-7DB8-4B7F-AD78-210132CF38D3}.Release|Any CPU.Build.0 = Release|Any CPU
		{9215D224-1ED8-4391-8B93-5A05994BA61E}.Debug|Any CPU.ActiveCfg = Debug|Any CPU
		{9215D224-1ED8-4391-8B93-5A05994BA61E}.Debug|Any CPU.Build.0 = Debug|Any CPU
		{9215D224-1ED8-4391-8B93-5A05994BA61E}.Release|Any CPU.ActiveCfg = Release|Any CPU
		{9215D224-1ED8-4391-8B93-5A05994BA61E}.Release|Any CPU.Build.0 = Release|Any CPU
		{B790CA6B-7F57-4F33-A179-4D8970895F54}.Debug|Any CPU.ActiveCfg = Debug|Any CPU
		{B790CA6B-7F57-4F33-A179-4D8970895F54}.Debug|Any CPU.Build.0 = Debug|Any CPU
		{B790CA6B-7F57-4F33-A179-4D8970895F54}.Release|Any CPU.ActiveCfg = Release|Any CPU
		{B790CA6B-7F57-4F33-A179-4D8970895F54}.Release|Any CPU.Build.0 = Release|Any CPU
		{55106B35-6621-4C23-9D8C-7565CCD382C2}.Debug|Any CPU.ActiveCfg = Debug|Any CPU
		{55106B35-6621-4C23-9D8C-7565CCD382C2}.Debug|Any CPU.Build.0 = Debug|Any CPU
		{55106B35-6621-4C23-9D8C-7565CCD382C2}.Release|Any CPU.ActiveCfg = Release|Any CPU
		{55106B35-6621-4C23-9D8C-7565CCD382C2}.Release|Any CPU.Build.0 = Release|Any CPU
		{B7D39E3E-3924-43F0-81E9-FF7969E2BBA3}.Debug|Any CPU.ActiveCfg = Debug|Any CPU
		{B7D39E3E-3924-43F0-81E9-FF7969E2BBA3}.Debug|Any CPU.Build.0 = Debug|Any CPU
		{B7D39E3E-3924-43F0-81E9-FF7969E2BBA3}.Release|Any CPU.ActiveCfg = Release|Any CPU
		{B7D39E3E-3924-43F0-81E9-FF7969E2BBA3}.Release|Any CPU.Build.0 = Release|Any CPU
		{098429C6-DD70-4050-85FC-7EDD0EAD5E31}.Debug|Any CPU.ActiveCfg = Debug|Any CPU
		{098429C6-DD70-4050-85FC-7EDD0EAD5E31}.Debug|Any CPU.Build.0 = Debug|Any CPU
		{098429C6-DD70-4050-85FC-7EDD0EAD5E31}.Release|Any CPU.ActiveCfg = Release|Any CPU
		{098429C6-DD70-4050-85FC-7EDD0EAD5E31}.Release|Any CPU.Build.0 = Release|Any CPU
		{9D0DD878-28E9-4A26-8CAF-D22E0FC006B7}.Debug|Any CPU.ActiveCfg = Debug|Any CPU
		{9D0DD878-28E9-4A26-8CAF-D22E0FC006B7}.Debug|Any CPU.Build.0 = Debug|Any CPU
		{9D0DD878-28E9-4A26-8CAF-D22E0FC006B7}.Release|Any CPU.ActiveCfg = Release|Any CPU
		{9D0DD878-28E9-4A26-8CAF-D22E0FC006B7}.Release|Any CPU.Build.0 = Release|Any CPU
		{C2FEAE92-8B47-4C66-9C78-FE0D7DEF1A6E}.Debug|Any CPU.ActiveCfg = Debug|Any CPU
		{C2FEAE92-8B47-4C66-9C78-FE0D7DEF1A6E}.Debug|Any CPU.Build.0 = Debug|Any CPU
		{C2FEAE92-8B47-4C66-9C78-FE0D7DEF1A6E}.Release|Any CPU.ActiveCfg = Release|Any CPU
		{C2FEAE92-8B47-4C66-9C78-FE0D7DEF1A6E}.Release|Any CPU.Build.0 = Release|Any CPU
		{C841853D-9273-4415-81F3-FADC4F72110C}.Debug|Any CPU.ActiveCfg = Debug|Any CPU
		{C841853D-9273-4415-81F3-FADC4F72110C}.Debug|Any CPU.Build.0 = Debug|Any CPU
		{C841853D-9273-4415-81F3-FADC4F72110C}.Release|Any CPU.ActiveCfg = Release|Any CPU
		{C841853D-9273-4415-81F3-FADC4F72110C}.Release|Any CPU.Build.0 = Release|Any CPU
		{46C33010-542A-4398-A719-CBAFACC15E43}.Debug|Any CPU.ActiveCfg = Debug|Any CPU
		{46C33010-542A-4398-A719-CBAFACC15E43}.Debug|Any CPU.Build.0 = Debug|Any CPU
		{46C33010-542A-4398-A719-CBAFACC15E43}.Release|Any CPU.ActiveCfg = Release|Any CPU
		{46C33010-542A-4398-A719-CBAFACC15E43}.Release|Any CPU.Build.0 = Release|Any CPU
		{B771BD59-FD1E-4D17-BD6B-47F09E6F86F4}.Debug|Any CPU.ActiveCfg = Debug|Any CPU
		{B771BD59-FD1E-4D17-BD6B-47F09E6F86F4}.Debug|Any CPU.Build.0 = Debug|Any CPU
		{B771BD59-FD1E-4D17-BD6B-47F09E6F86F4}.Release|Any CPU.ActiveCfg = Release|Any CPU
		{B771BD59-FD1E-4D17-BD6B-47F09E6F86F4}.Release|Any CPU.Build.0 = Release|Any CPU
	EndGlobalSection
	GlobalSection(SolutionProperties) = preSolution
		HideSolutionNode = FALSE
	EndGlobalSection
	GlobalSection(NestedProjects) = preSolution
		{9215D224-1ED8-4391-8B93-5A05994BA61E} = {352A22FD-3A19-4990-A280-4F94A78B48F3}
		{B790CA6B-7F57-4F33-A179-4D8970895F54} = {352A22FD-3A19-4990-A280-4F94A78B48F3}
		{55106B35-6621-4C23-9D8C-7565CCD382C2} = {BE12EBB9-D10F-46A0-B5E5-8CFBDEDC6767}
		{9D0DD878-28E9-4A26-8CAF-D22E0FC006B7} = {BE12EBB9-D10F-46A0-B5E5-8CFBDEDC6767}
		{C2FEAE92-8B47-4C66-9C78-FE0D7DEF1A6E} = {BE12EBB9-D10F-46A0-B5E5-8CFBDEDC6767}
		{C841853D-9273-4415-81F3-FADC4F72110C} = {1C752F53-2FEE-41C8-BCE9-2A88C20F9F6F}
		{1C752F53-2FEE-41C8-BCE9-2A88C20F9F6F} = {BE12EBB9-D10F-46A0-B5E5-8CFBDEDC6767}
		{46C33010-542A-4398-A719-CBAFACC15E43} = {1C752F53-2FEE-41C8-BCE9-2A88C20F9F6F}
		{B771BD59-FD1E-4D17-BD6B-47F09E6F86F4} = {F2A27BAD-DDF4-4C72-8996-6D32656D9DD7}
	EndGlobalSection
	GlobalSection(ExtensibilityGlobals) = postSolution
		SolutionGuid = {6B5DF8E6-A153-4DAE-8BBC-834B58A76A37}
	EndGlobalSection
EndGlobal
